
Microsoft Visual Studio Solution File, Format Version 12.00
# Visual Studio 14
VisualStudioVersion = 14.0.25420.1
MinimumVisualStudioVersion = 10.0.40219.1
Project("{8BC9CEB8-8B4A-11D0-8D11-00A0C91BC942}") = "RisingSun", "RisingSun\RisingSun.vcxproj", "{6CFDF6DA-9EE2-4AFB-95CE-E3FBFF253BEE}"
EndProject
Project("{2150E333-8FDC-42A3-9474-1A3956D46DE8}") = "Solution Items", "Solution Items", "{8DD957ED-75FC-463D-BB8D-0AB34BBA8A6C}"
	ProjectSection(SolutionItems) = preProject
		RisingSun\我很可爱.txt = RisingSun\我很可爱.txt
	EndProjectSection
EndProject
Project("{8BC9CEB8-8B4A-11D0-8D11-00A0C91BC942}") = "readDFCF", "readDFCF\readDFCF.vcxproj", "{D24E1FEF-4501-4052-A6FA-DB091249D90A}"
EndProject
Global
	GlobalSection(SolutionConfigurationPlatforms) = preSolution
		Debug|Any CPU = Debug|Any CPU
		Debug|x64 = Debug|x64
		Debug|x86 = Debug|x86
		Release|Any CPU = Release|Any CPU
		Release|x64 = Release|x64
		Release|x86 = Release|x86
	EndGlobalSection
	GlobalSection(ProjectConfigurationPlatforms) = postSolution
		{6CFDF6DA-9EE2-4AFB-95CE-E3FBFF253BEE}.Debug|Any CPU.ActiveCfg = Debug|Win32
		{6CFDF6DA-9EE2-4AFB-95CE-E3FBFF253BEE}.Debug|x64.ActiveCfg = Debug|x64
		{6CFDF6DA-9EE2-4AFB-95CE-E3FBFF253BEE}.Debug|x64.Build.0 = Debug|x64
		{6CFDF6DA-9EE2-4AFB-95CE-E3FBFF253BEE}.Debug|x86.ActiveCfg = Debug|Win32
		{6CFDF6DA-9EE2-4AFB-95CE-E3FBFF253BEE}.Debug|x86.Build.0 = Debug|Win32
		{6CFDF6DA-9EE2-4AFB-95CE-E3FBFF253BEE}.Release|Any CPU.ActiveCfg = Release|Win32
		{6CFDF6DA-9EE2-4AFB-95CE-E3FBFF253BEE}.Release|x64.ActiveCfg = Release|x64
		{6CFDF6DA-9EE2-4AFB-95CE-E3FBFF253BEE}.Release|x64.Build.0 = Release|x64
		{6CFDF6DA-9EE2-4AFB-95CE-E3FBFF253BEE}.Release|x86.ActiveCfg = Release|Win32
		{6CFDF6DA-9EE2-4AFB-95CE-E3FBFF253BEE}.Release|x86.Build.0 = Release|Win32
		{D24E1FEF-4501-4052-A6FA-DB091249D90A}.Debug|Any CPU.ActiveCfg = Debug|Win32
		{D24E1FEF-4501-4052-A6FA-DB091249D90A}.Debug|x64.ActiveCfg = Debug|x64
		{D24E1FEF-4501-4052-A6FA-DB091249D90A}.Debug|x64.Build.0 = Debug|x64
		{D24E1FEF-4501-4052-A6FA-DB091249D90A}.Debug|x86.ActiveCfg = Debug|Win32
		{D24E1FEF-4501-4052-A6FA-DB091249D90A}.Debug|x86.Build.0 = Debug|Win32
		{D24E1FEF-4501-4052-A6FA-DB091249D90A}.Release|Any CPU.ActiveCfg = Release|Win32
		{D24E1FEF-4501-4052-A6FA-DB091249D90A}.Release|x64.ActiveCfg = Release|x64
		{D24E1FEF-4501-4052-A6FA-DB091249D90A}.Release|x64.Build.0 = Release|x64
		{D24E1FEF-4501-4052-A6FA-DB091249D90A}.Release|x86.ActiveCfg = Release|Win32
		{D24E1FEF-4501-4052-A6FA-DB091249D90A}.Release|x86.Build.0 = Release|Win32
	EndGlobalSection
	GlobalSection(SolutionProperties) = preSolution
		HideSolutionNode = FALSE
	EndGlobalSection
EndGlobal
